
Microsoft Visual Studio Solution File, Format Version 12.00
# Visual Studio Version 17
VisualStudioVersion = 17.0.31903.59
MinimumVisualStudioVersion = 10.0.40219.1
Project("{2150E333-8FDC-42A3-9474-1A3956D46DE8}") = "src", "src", "{589DC587-6EA0-4FD9-B5AB-FA81776FC87F}"
EndProject
Project("{FAE04EC0-301F-11D3-BF4B-00C04F79EFBC}") = "HomeLab.Cli", "src\HomeLab.Cli\HomeLab.Cli.csproj", "{80A4C2C8-A1D4-41CE-946C-F41A2AE60003}"
EndProject
Global
	GlobalSection(SolutionConfigurationPlatforms) = preSolution
		Debug|Any CPU = Debug|Any CPU
		Release|Any CPU = Release|Any CPU
	EndGlobalSection
	GlobalSection(SolutionProperties) = preSolution
		HideSolutionNode = FALSE
	EndGlobalSection
	GlobalSection(ProjectConfigurationPlatforms) = postSolution
		{80A4C2C8-A1D4-41CE-946C-F41A2AE60003}.Debug|Any CPU.ActiveCfg = Debug|Any CPU
		{80A4C2C8-A1D4-41CE-946C-F41A2AE60003}.Debug|Any CPU.Build.0 = Debug|Any CPU
		{80A4C2C8-A1D4-41CE-946C-F41A2AE60003}.Release|Any CPU.ActiveCfg = Release|Any CPU
		{80A4C2C8-A1D4-41CE-946C-F41A2AE60003}.Release|Any CPU.Build.0 = Release|Any CPU
	EndGlobalSection
	GlobalSection(NestedProjects) = preSolution
		{80A4C2C8-A1D4-41CE-946C-F41A2AE60003} = {589DC587-6EA0-4FD9-B5AB-FA81776FC87F}
	EndGlobalSection
EndGlobal
